# This file is autogenerated, do not edit; changes may be undone by the next 'dep ensure'.


[[projects]]
  branch = "master"
  digest = "1:f9bb4fba309ed75573053608ea00f16c6b5764d2accbad0ce27189b8edcba934"
  name = "github.com/araddon/dateparse"
  packages = ["."]
  pruneopts = "UT"
  revision = "21df004e09ca46e07ce99bbba1e8c2422ba4ecf9"

[[projects]]
  digest = "1:0f98f59e9a2f4070d66f0c9c39561f68fcd1dc837b22a852d28d0003aebd1b1e"
  name = "github.com/boltdb/bolt"
  packages = ["."]
  pruneopts = "UT"
  revision = "2f1ce7a837dcb8da3ec595b1dac9d0632f0f99e8"
  version = "v1.3.1"

[[projects]]
  digest = "1:6cb5bf34f3e3bb61e76d976f5bd29d245b567f208e1fd7cb8104b736a5eb649d"
  name = "github.com/dgrijalva/jwt-go"
  packages = ["."]
  pruneopts = "UT"
  revision = "a539ee1a749a2b895533f979515ac7e6e0f5b650"

[[projects]]
  digest = "1:dfd23eda927dab5caedd1a2efe94a1d4f00558424aab2296fc83640354fa7aa0"
  name = "github.com/go-zoo/bone"
  packages = ["."]
  pruneopts = "UT"
  revision = "d7ce1372afa7a4319e9b84ab08593d1342a8c10a"
  version = "1.3"

[[projects]]
  digest = "1:236d7e1bdb50d8f68559af37dbcf9d142d56b431c9b2176d41e2a009b664cda8"
  name = "github.com/google/uuid"
  packages = ["."]
  pruneopts = "UT"
  revision = "9b3b1e0f5f99ae461456d768e7d301a7acdaa2d8"
  version = "v1.1.0"

[[projects]]
  branch = "master"
  digest = "1:caf6db28595425c0e0f2301a00257d11712f65c1878e12cffc42f6b9a9cf3f23"
  name = "github.com/kardianos/osext"
  packages = ["."]
  pruneopts = "UT"
  revision = "ae77be60afb1dcacde03767a8c37337fad28ac14"

[[projects]]
  digest = "1:583d82e7a75834322ac23c54ec30e7b393fdd094f5c638e96eb54446cdead481"
  name = "github.com/likexian/whois-go"
  packages = ["."]
  pruneopts = "UT"
  revision = "c8567650726baa187eceb145813f29aece27a17f"
  version = "v1.0.0"

[[projects]]
  branch = "master"
  digest = "1:a9b12541a1149da4733f4d0d5c04593fcff79bca78d3664c6cf268754fdac593"
  name = "github.com/likexian/whois-parser-go"
  packages = ["."]
  pruneopts = "UT"
  revision = "720b2d82ffd11afd55141650c70c4714f600c04b"

[[projects]]
  digest = "1:61eefd99372027ed953d6716bcb7bd6eef201f67819cb9b9487fb40eb52c4b68"
  name = "github.com/renstrom/shortuuid"
  packages = ["."]
  pruneopts = "UT"
  revision = "32d3e955bebaf85e3295329e0b8070440aa8fe13"
  version = "v3.0.2"

[[projects]]
  digest = "1:3d09522dcb29339b4011daf8a87b55f1ffeb96505635bbf02d71a5da64cf52c0"
  name = "github.com/sideshow/apns2"
  packages = [
    ".",
    "certificate",
    "payload",
    "token",
  ]
  pruneopts = "UT"
  revision = "5c6f7afc0242dbeab1c0b26a1efd761a67228004"
  version = "v0.15"

[[projects]]
  digest = "1:34fb429cf7923263d4359d6dc6960aeda438d3120e71ef1e74e2b898893e5d6d"
  name = "golang.org/x/crypto"
  packages = [
    "pkcs12",
    "pkcs12/internal/rc2",
  ]
  pruneopts = "UT"
  revision = "ab89591268e0c8b748cbe4047b00197516011af5"

[[projects]]
  digest = "1:355fbf62a8537b7860ff5038305d005cbfd91462c1dd33b10846fda2e5cb5789"
  name = "golang.org/x/net"
  packages = [
    "context",
    "context/ctxhttp",
    "http2",
    "http2/hpack",
    "idna",
    "lex/httplex",
  ]
  pruneopts = "UT"
  revision = "84f0e6f92b10139f986b1756e149a7d9de270cdc"

[[projects]]
  branch = "master"
  digest = "1:8207c052fb873f83c61a5aa16f6add5feb9881eda2112b56f69fd3b9e7f55c3f"
  name = "golang.org/x/sys"
  packages = ["unix"]
  pruneopts = "UT"
  revision = "d0b11bdaac8adb652bff00e49bcacf992835621a"

[[projects]]
  digest = "1:a2ab62866c75542dd18d2b069fec854577a20211d7c0ea6ae746072a1dccdd18"
  name = "golang.org/x/text"
  packages = [
    "collate",
    "collate/build",
    "internal/colltab",
    "internal/gen",
    "internal/tag",
    "internal/triegen",
    "internal/ucd",
    "language",
    "secure/bidirule",
    "transform",
    "unicode/bidi",
    "unicode/cldr",
    "unicode/norm",
    "unicode/rangetable",
  ]
  pruneopts = "UT"
  revision = "f21a4dfb5e38f5895301dc265a8def02365cc3d0"
  version = "v0.3.0"

[solve-meta]
  analyzer-name = "dep"
  analyzer-version = 1
  input-imports = [
    "github.com/araddon/dateparse",
    "github.com/boltdb/bolt",
    "github.com/go-zoo/bone",
    "github.com/kardianos/osext",
    "github.com/likexian/whois-go",
    "github.com/likexian/whois-parser-go",
    "github.com/renstrom/shortuuid",
    "github.com/sideshow/apns2",
    "github.com/sideshow/apns2/certificate",
    "github.com/sideshow/apns2/payload",
  ]
  solver-name = "gps-cdcl"
  solver-version = 1
